
Microsoft Visual Studio Solution File, Format Version 12.00
# Visual Studio Version 17
VisualStudioVersion = 17.4.33213.308
MinimumVisualStudioVersion = 10.0.40219.1
Project("{8BC9CEB8-8B4A-11D0-8D11-00A0C91BC942}") = "EsRientrocpp", "EsRientrocpp\EsRientrocpp.vcxproj", "{401DF159-26B3-4D55-A22A-99CFDEDB0D0A}"
EndProject
Project("{FAE04EC0-301F-11D3-BF4B-00C04F79EFBC}") = "EsRientroccs", "..\EsRientroccs\EsRientroccs\EsRientroccs.csproj", "{89428043-C322-4A2B-AD6D-4017A998D231}"
EndProject
Global
	GlobalSection(SolutionConfigurationPlatforms) = preSolution
		Debug|Any CPU = Debug|Any CPU
		Debug|x64 = Debug|x64
		Debug|x86 = Debug|x86
		Release|Any CPU = Release|Any CPU
		Release|x64 = Release|x64
		Release|x86 = Release|x86
	EndGlobalSection
	GlobalSection(ProjectConfigurationPlatforms) = postSolution
		{401DF159-26B3-4D55-A22A-99CFDEDB0D0A}.Debug|Any CPU.ActiveCfg = Debug|x64
		{401DF159-26B3-4D55-A22A-99CFDEDB0D0A}.Debug|Any CPU.Build.0 = Debug|x64
		{401DF159-26B3-4D55-A22A-99CFDEDB0D0A}.Debug|x64.ActiveCfg = Debug|x64
		{401DF159-26B3-4D55-A22A-99CFDEDB0D0A}.Debug|x64.Build.0 = Debug|x64
		{401DF159-26B3-4D55-A22A-99CFDEDB0D0A}.Debug|x86.ActiveCfg = Debug|Win32
		{401DF159-26B3-4D55-A22A-99CFDEDB0D0A}.Debug|x86.Build.0 = Debug|Win32
		{401DF159-26B3-4D55-A22A-99CFDEDB0D0A}.Release|Any CPU.ActiveCfg = Release|x64
		{401DF159-26B3-4D55-A22A-99CFDEDB0D0A}.Release|Any CPU.Build.0 = Release|x64
		{401DF159-26B3-4D55-A22A-99CFDEDB0D0A}.Release|x64.ActiveCfg = Release|x64
		{401DF159-26B3-4D55-A22A-99CFDEDB0D0A}.Release|x64.Build.0 = Release|x64
		{401DF159-26B3-4D55-A22A-99CFDEDB0D0A}.Release|x86.ActiveCfg = Release|Win32
		{401DF159-26B3-4D55-A22A-99CFDEDB0D0A}.Release|x86.Build.0 = Release|Win32
		{89428043-C322-4A2B-AD6D-4017A998D231}.Debug|Any CPU.ActiveCfg = Debug|Any CPU
		{89428043-C322-4A2B-AD6D-4017A998D231}.Debug|Any CPU.Build.0 = Debug|Any CPU
		{89428043-C322-4A2B-AD6D-4017A998D231}.Debug|x64.ActiveCfg = Debug|Any CPU
		{89428043-C322-4A2B-AD6D-4017A998D231}.Debug|x64.Build.0 = Debug|Any CPU
		{89428043-C322-4A2B-AD6D-4017A998D231}.Debug|x86.ActiveCfg = Debug|Any CPU
		{89428043-C322-4A2B-AD6D-4017A998D231}.Debug|x86.Build.0 = Debug|Any CPU
		{89428043-C322-4A2B-AD6D-4017A998D231}.Release|Any CPU.ActiveCfg = Release|Any CPU
		{89428043-C322-4A2B-AD6D-4017A998D231}.Release|Any CPU.Build.0 = Release|Any CPU
		{89428043-C322-4A2B-AD6D-4017A998D231}.Release|x64.ActiveCfg = Release|Any CPU
		{89428043-C322-4A2B-AD6D-4017A998D231}.Release|x64.Build.0 = Release|Any CPU
		{89428043-C322-4A2B-AD6D-4017A998D231}.Release|x86.ActiveCfg = Release|Any CPU
		{89428043-C322-4A2B-AD6D-4017A998D231}.Release|x86.Build.0 = Release|Any CPU
	EndGlobalSection
	GlobalSection(SolutionProperties) = preSolution
		HideSolutionNode = FALSE
	EndGlobalSection
	GlobalSection(ExtensibilityGlobals) = postSolution
		SolutionGuid = {6E3AD1E7-4B84-4F17-851B-7222B666B779}
	EndGlobalSection
EndGlobal
